
Microsoft Visual Studio Solution File, Format Version 12.00
# Visual Studio Version 17
VisualStudioVersion = 17.9.34902.65
MinimumVisualStudioVersion = 10.0.40219.1
Project("{FAE04EC0-301F-11D3-BF4B-00C04F79EFBC}") = "BlogForest.Entitylayer", "BlogForest.Entitylayer\BlogForest.Entitylayer.csproj", "{F6B3438A-DFF4-47C5-A05F-C939EC5F2B63}"
EndProject
Global
	GlobalSection(SolutionConfigurationPlatforms) = preSolution
		Debug|Any CPU = Debug|Any CPU
		Release|Any CPU = Release|Any CPU
	EndGlobalSection
	GlobalSection(ProjectConfigurationPlatforms) = postSolution
		{F6B3438A-DFF4-47C5-A05F-C939EC5F2B63}.Debug|Any CPU.ActiveCfg = Debug|Any CPU
		{F6B3438A-DFF4-47C5-A05F-C939EC5F2B63}.Debug|Any CPU.Build.0 = Debug|Any CPU
		{F6B3438A-DFF4-47C5-A05F-C939EC5F2B63}.Release|Any CPU.ActiveCfg = Release|Any CPU
		{F6B3438A-DFF4-47C5-A05F-C939EC5F2B63}.Release|Any CPU.Build.0 = Release|Any CPU
	EndGlobalSection
	GlobalSection(SolutionProperties) = preSolution
		HideSolutionNode = FALSE
	EndGlobalSection
	GlobalSection(ExtensibilityGlobals) = postSolution
		SolutionGuid = {944D5348-FD5C-416B-AB14-7044C2ABDD90}
	EndGlobalSection
EndGlobal
